// !$*UTF8*$!
{
	archiveVersion = 1;
	classes = {
	};
	objectVersion = 55;
	objects = {

/* Begin PBXBuildFile section */
		116C5E8D2904AB4B009595F6 /* RecipeListViewModel.swift in Sources */ = {isa = PBXBuildFile; fileRef = 116C5E8C2904AB4B009595F6 /* RecipeListViewModel.swift */; };
		116C5E902904B5A5009595F6 /* FavoriteRecipeView.swift in Sources */ = {isa = PBXBuildFile; fileRef = 116C5E8F2904B5A5009595F6 /* FavoriteRecipeView.swift */; };
		116C5E922904B5BB009595F6 /* FavoriteRecipeViewController.swift in Sources */ = {isa = PBXBuildFile; fileRef = 116C5E912904B5BB009595F6 /* FavoriteRecipeViewController.swift */; };
		116C5E962904C7C0009595F6 /* FavoriteRecipeViewModel.swift in Sources */ = {isa = PBXBuildFile; fileRef = 116C5E952904C7C0009595F6 /* FavoriteRecipeViewModel.swift */; };
		116C5E9B2905C7EF009595F6 /* FavoriteRecipeCollection.swift in Sources */ = {isa = PBXBuildFile; fileRef = 116C5E9A2905C7EF009595F6 /* FavoriteRecipeCollection.swift */; };
		116C5E9D2905C991009595F6 /* FavoriteRecipeDataSource.swift in Sources */ = {isa = PBXBuildFile; fileRef = 116C5E9C2905C991009595F6 /* FavoriteRecipeDataSource.swift */; };
		116C5E9F2905CFFD009595F6 /* FavoriteRecipeDelegate.swift in Sources */ = {isa = PBXBuildFile; fileRef = 116C5E9E2905CFFD009595F6 /* FavoriteRecipeDelegate.swift */; };
		116C5EA32905D97E009595F6 /* UINavigationControllerExt.swift in Sources */ = {isa = PBXBuildFile; fileRef = 116C5EA22905D97D009595F6 /* UINavigationControllerExt.swift */; };
		116C5EB129060F5A009595F6 /* RecipeService.swift in Sources */ = {isa = PBXBuildFile; fileRef = 116C5EB029060F5A009595F6 /* RecipeService.swift */; };
		116C5EB429060F7C009595F6 /* Alamofire in Frameworks */ = {isa = PBXBuildFile; productRef = 116C5EB329060F7C009595F6 /* Alamofire */; };
		116C5EB7290615A5009595F6 /* RecipeList.swift in Sources */ = {isa = PBXBuildFile; fileRef = 116C5EB6290615A4009595F6 /* RecipeList.swift */; };
		116C5EBA29061739009595F6 /* Erros.swift in Sources */ = {isa = PBXBuildFile; fileRef = 116C5EB929061739009595F6 /* Erros.swift */; };
		116C5EBD29061C95009595F6 /* RecipeDetail.swift in Sources */ = {isa = PBXBuildFile; fileRef = 116C5EBC29061C95009595F6 /* RecipeDetail.swift */; };
		116C5EBF29064818009595F6 /* URLImage.swift in Sources */ = {isa = PBXBuildFile; fileRef = 116C5EBE29064818009595F6 /* URLImage.swift */; };
		116C5EC229064A29009595F6 /* DetailRecipeViewModel.swift in Sources */ = {isa = PBXBuildFile; fileRef = 116C5EC129064A29009595F6 /* DetailRecipeViewModel.swift */; };
		1190D29E2907896B00C0CCD9 /* Lottie in Frameworks */ = {isa = PBXBuildFile; productRef = 1190D29D2907896B00C0CCD9 /* Lottie */; };
		1190D2A1290789A000C0CCD9 /* SplashViewController.swift in Sources */ = {isa = PBXBuildFile; fileRef = 1190D2A0290789A000C0CCD9 /* SplashViewController.swift */; };
		1190D2A529078C8400C0CCD9 /* foodCarousel.json in Resources */ = {isa = PBXBuildFile; fileRef = 1190D2A429078C8400C0CCD9 /* foodCarousel.json */; };
		1190D2A729078EFB00C0CCD9 /* RecipeListSearchBar.swift in Sources */ = {isa = PBXBuildFile; fileRef = 1190D2A629078EFB00C0CCD9 /* RecipeListSearchBar.swift */; };
		1190D2AD2907AFBA00C0CCD9 /* RecipeServiceMock.swift in Sources */ = {isa = PBXBuildFile; fileRef = 1190D2AC2907AFBA00C0CCD9 /* RecipeServiceMock.swift */; };
		1190D2B22907B1D900C0CCD9 /* RecipeDetail.swift in Sources */ = {isa = PBXBuildFile; fileRef = 1190D2B12907B1D900C0CCD9 /* RecipeDetail.swift */; };
		1190D2B42907B30900C0CCD9 /* RecipeListViewModelTest.swift in Sources */ = {isa = PBXBuildFile; fileRef = 1190D2B32907B30900C0CCD9 /* RecipeListViewModelTest.swift */; };
		1190D2B92907B8A300C0CCD9 /* DetailRecipeViewModelTest.swift in Sources */ = {isa = PBXBuildFile; fileRef = 1190D2B82907B8A300C0CCD9 /* DetailRecipeViewModelTest.swift */; };
		1190D2BB2907B96D00C0CCD9 /* FavoriteRecipeViewModelTest.swift in Sources */ = {isa = PBXBuildFile; fileRef = 1190D2BA2907B96D00C0CCD9 /* FavoriteRecipeViewModelTest.swift */; };
		11DE52DD290487FB00CD1CF1 /* AppDelegate.swift in Sources */ = {isa = PBXBuildFile; fileRef = 11DE52DC290487FB00CD1CF1 /* AppDelegate.swift */; };
		11DE52DF290487FB00CD1CF1 /* SceneDelegate.swift in Sources */ = {isa = PBXBuildFile; fileRef = 11DE52DE290487FB00CD1CF1 /* SceneDelegate.swift */; };
		11DE52E1290487FB00CD1CF1 /* RecipeListViewController.swift in Sources */ = {isa = PBXBuildFile; fileRef = 11DE52E0290487FB00CD1CF1 /* RecipeListViewController.swift */; };
		11DE52E4290487FB00CD1CF1 /* Main.storyboard in Resources */ = {isa = PBXBuildFile; fileRef = 11DE52E2290487FB00CD1CF1 /* Main.storyboard */; };
		11DE52E9290487FC00CD1CF1 /* LaunchScreen.storyboard in Resources */ = {isa = PBXBuildFile; fileRef = 11DE52E7290487FC00CD1CF1 /* LaunchScreen.storyboard */; };
		11DE52F4290487FC00CD1CF1 /* RecipeAppTests.swift in Sources */ = {isa = PBXBuildFile; fileRef = 11DE52F3290487FC00CD1CF1 /* RecipeAppTests.swift */; };
		11DE52FE290487FC00CD1CF1 /* RecipeAppUITests.swift in Sources */ = {isa = PBXBuildFile; fileRef = 11DE52FD290487FC00CD1CF1 /* RecipeAppUITests.swift */; };
		11DE5300290487FC00CD1CF1 /* RecipeAppUITestsLaunchTests.swift in Sources */ = {isa = PBXBuildFile; fileRef = 11DE52FF290487FC00CD1CF1 /* RecipeAppUITestsLaunchTests.swift */; };
		11DE531529048B9500CD1CF1 /* RecipeListView.swift in Sources */ = {isa = PBXBuildFile; fileRef = 11DE531429048B9500CD1CF1 /* RecipeListView.swift */; };
		11DE531829048D1400CD1CF1 /* RecipeListTableViewCell.swift in Sources */ = {isa = PBXBuildFile; fileRef = 11DE531729048D1400CD1CF1 /* RecipeListTableViewCell.swift */; };
		11DE531A2904912500CD1CF1 /* RecipeListDatasSource.swift in Sources */ = {isa = PBXBuildFile; fileRef = 11DE53192904912500CD1CF1 /* RecipeListDatasSource.swift */; };
		11DE531C29049C1300CD1CF1 /* Assets.xcassets in Resources */ = {isa = PBXBuildFile; fileRef = 11DE531B29049C1300CD1CF1 /* Assets.xcassets */; };
		11DE531F2904A05700CD1CF1 /* DetailRecipeView.swift in Sources */ = {isa = PBXBuildFile; fileRef = 11DE531E2904A05700CD1CF1 /* DetailRecipeView.swift */; };
		11DE53212904A06F00CD1CF1 /* DetailRecipeViewController.swift in Sources */ = {isa = PBXBuildFile; fileRef = 11DE53202904A06F00CD1CF1 /* DetailRecipeViewController.swift */; };
		11DE53252904A37B00CD1CF1 /* RecipeListDelegate.swift in Sources */ = {isa = PBXBuildFile; fileRef = 11DE53242904A37B00CD1CF1 /* RecipeListDelegate.swift */; };
/* End PBXBuildFile section */

/* Begin PBXContainerItemProxy section */
		11DE52F0290487FC00CD1CF1 /* PBXContainerItemProxy */ = {
			isa = PBXContainerItemProxy;
			containerPortal = 11DE52D1290487FB00CD1CF1 /* Project object */;
			proxyType = 1;
			remoteGlobalIDString = 11DE52D8290487FB00CD1CF1;
			remoteInfo = RecipeApp;
		};
		11DE52FA290487FC00CD1CF1 /* PBXContainerItemProxy */ = {
			isa = PBXContainerItemProxy;
			containerPortal = 11DE52D1290487FB00CD1CF1 /* Project object */;
			proxyType = 1;
			remoteGlobalIDString = 11DE52D8290487FB00CD1CF1;
			remoteInfo = RecipeApp;
		};
/* End PBXContainerItemProxy section */

/* Begin PBXFileReference section */
		116C5E8C2904AB4B009595F6 /* RecipeListViewModel.swift */ = {isa = PBXFileReference; lastKnownFileType = sourcecode.swift; path = RecipeListViewModel.swift; sourceTree = "<group>"; };
		116C5E8F2904B5A5009595F6 /* FavoriteRecipeView.swift */ = {isa = PBXFileReference; lastKnownFileType = sourcecode.swift; path = FavoriteRecipeView.swift; sourceTree = "<group>"; };
		116C5E912904B5BB009595F6 /* FavoriteRecipeViewController.swift */ = {isa = PBXFileReference; lastKnownFileType = sourcecode.swift; path = FavoriteRecipeViewController.swift; sourceTree = "<group>"; };
		116C5E952904C7C0009595F6 /* FavoriteRecipeViewModel.swift */ = {isa = PBXFileReference; lastKnownFileType = sourcecode.swift; path = FavoriteRecipeViewModel.swift; sourceTree = "<group>"; };
		116C5E9A2905C7EF009595F6 /* FavoriteRecipeCollection.swift */ = {isa = PBXFileReference; lastKnownFileType = sourcecode.swift; path = FavoriteRecipeCollection.swift; sourceTree = "<group>"; };
		116C5E9C2905C991009595F6 /* FavoriteRecipeDataSource.swift */ = {isa = PBXFileReference; lastKnownFileType = sourcecode.swift; path = FavoriteRecipeDataSource.swift; sourceTree = "<group>"; };
		116C5E9E2905CFFD009595F6 /* FavoriteRecipeDelegate.swift */ = {isa = PBXFileReference; lastKnownFileType = sourcecode.swift; path = FavoriteRecipeDelegate.swift; sourceTree = "<group>"; };
		116C5EA22905D97D009595F6 /* UINavigationControllerExt.swift */ = {isa = PBXFileReference; lastKnownFileType = sourcecode.swift; path = UINavigationControllerExt.swift; sourceTree = "<group>"; };
		116C5EB029060F5A009595F6 /* RecipeService.swift */ = {isa = PBXFileReference; lastKnownFileType = sourcecode.swift; path = RecipeService.swift; sourceTree = "<group>"; };
		116C5EB6290615A4009595F6 /* RecipeList.swift */ = {isa = PBXFileReference; lastKnownFileType = sourcecode.swift; path = RecipeList.swift; sourceTree = "<group>"; };
		116C5EB929061739009595F6 /* Erros.swift */ = {isa = PBXFileReference; lastKnownFileType = sourcecode.swift; path = Erros.swift; sourceTree = "<group>"; };
		116C5EBC29061C95009595F6 /* RecipeDetail.swift */ = {isa = PBXFileReference; lastKnownFileType = sourcecode.swift; path = RecipeDetail.swift; sourceTree = "<group>"; };
		116C5EBE29064818009595F6 /* URLImage.swift */ = {isa = PBXFileReference; lastKnownFileType = sourcecode.swift; path = URLImage.swift; sourceTree = "<group>"; };
		116C5EC129064A29009595F6 /* DetailRecipeViewModel.swift */ = {isa = PBXFileReference; lastKnownFileType = sourcecode.swift; path = DetailRecipeViewModel.swift; sourceTree = "<group>"; };
		1190D2A0290789A000C0CCD9 /* SplashViewController.swift */ = {isa = PBXFileReference; lastKnownFileType = sourcecode.swift; path = SplashViewController.swift; sourceTree = "<group>"; };
		1190D2A429078C8400C0CCD9 /* foodCarousel.json */ = {isa = PBXFileReference; fileEncoding = 4; lastKnownFileType = text.json; path = foodCarousel.json; sourceTree = "<group>"; };
		1190D2A629078EFB00C0CCD9 /* RecipeListSearchBar.swift */ = {isa = PBXFileReference; lastKnownFileType = sourcecode.swift; path = RecipeListSearchBar.swift; sourceTree = "<group>"; };
		1190D2AC2907AFBA00C0CCD9 /* RecipeServiceMock.swift */ = {isa = PBXFileReference; lastKnownFileType = sourcecode.swift; path = RecipeServiceMock.swift; sourceTree = "<group>"; };
		1190D2B12907B1D900C0CCD9 /* RecipeDetail.swift */ = {isa = PBXFileReference; lastKnownFileType = sourcecode.swift; path = RecipeDetail.swift; sourceTree = "<group>"; };
		1190D2B32907B30900C0CCD9 /* RecipeListViewModelTest.swift */ = {isa = PBXFileReference; lastKnownFileType = sourcecode.swift; path = RecipeListViewModelTest.swift; sourceTree = "<group>"; };
		1190D2B82907B8A300C0CCD9 /* DetailRecipeViewModelTest.swift */ = {isa = PBXFileReference; lastKnownFileType = sourcecode.swift; path = DetailRecipeViewModelTest.swift; sourceTree = "<group>"; };
		1190D2BA2907B96D00C0CCD9 /* FavoriteRecipeViewModelTest.swift */ = {isa = PBXFileReference; lastKnownFileType = sourcecode.swift; path = FavoriteRecipeViewModelTest.swift; sourceTree = "<group>"; };
		11DE52D9290487FB00CD1CF1 /* RecipeApp.app */ = {isa = PBXFileReference; explicitFileType = wrapper.application; includeInIndex = 0; path = RecipeApp.app; sourceTree = BUILT_PRODUCTS_DIR; };
		11DE52DC290487FB00CD1CF1 /* AppDelegate.swift */ = {isa = PBXFileReference; lastKnownFileType = sourcecode.swift; path = AppDelegate.swift; sourceTree = "<group>"; };
		11DE52DE290487FB00CD1CF1 /* SceneDelegate.swift */ = {isa = PBXFileReference; lastKnownFileType = sourcecode.swift; path = SceneDelegate.swift; sourceTree = "<group>"; };
		11DE52E0290487FB00CD1CF1 /* RecipeListViewController.swift */ = {isa = PBXFileReference; lastKnownFileType = sourcecode.swift; path = RecipeListViewController.swift; sourceTree = "<group>"; };
		11DE52E3290487FB00CD1CF1 /* Base */ = {isa = PBXFileReference; lastKnownFileType = file.storyboard; name = Base; path = Base.lproj/Main.storyboard; sourceTree = "<group>"; };
		11DE52E8290487FC00CD1CF1 /* Base */ = {isa = PBXFileReference; lastKnownFileType = file.storyboard; name = Base; path = Base.lproj/LaunchScreen.storyboard; sourceTree = "<group>"; };
		11DE52EA290487FC00CD1CF1 /* Info.plist */ = {isa = PBXFileReference; lastKnownFileType = text.plist.xml; path = Info.plist; sourceTree = "<group>"; };
		11DE52EF290487FC00CD1CF1 /* RecipeAppTests.xctest */ = {isa = PBXFileReference; explicitFileType = wrapper.cfbundle; includeInIndex = 0; path = RecipeAppTests.xctest; sourceTree = BUILT_PRODUCTS_DIR; };
		11DE52F3290487FC00CD1CF1 /* RecipeAppTests.swift */ = {isa = PBXFileReference; lastKnownFileType = sourcecode.swift; path = RecipeAppTests.swift; sourceTree = "<group>"; };
		11DE52F9290487FC00CD1CF1 /* RecipeAppUITests.xctest */ = {isa = PBXFileReference; explicitFileType = wrapper.cfbundle; includeInIndex = 0; path = RecipeAppUITests.xctest; sourceTree = BUILT_PRODUCTS_DIR; };
		11DE52FD290487FC00CD1CF1 /* RecipeAppUITests.swift */ = {isa = PBXFileReference; lastKnownFileType = sourcecode.swift; path = RecipeAppUITests.swift; sourceTree = "<group>"; };
		11DE52FF290487FC00CD1CF1 /* RecipeAppUITestsLaunchTests.swift */ = {isa = PBXFileReference; lastKnownFileType = sourcecode.swift; path = RecipeAppUITestsLaunchTests.swift; sourceTree = "<group>"; };
		11DE531429048B9500CD1CF1 /* RecipeListView.swift */ = {isa = PBXFileReference; lastKnownFileType = sourcecode.swift; path = RecipeListView.swift; sourceTree = "<group>"; };
		11DE531729048D1400CD1CF1 /* RecipeListTableViewCell.swift */ = {isa = PBXFileReference; lastKnownFileType = sourcecode.swift; path = RecipeListTableViewCell.swift; sourceTree = "<group>"; };
		11DE53192904912500CD1CF1 /* RecipeListDatasSource.swift */ = {isa = PBXFileReference; lastKnownFileType = sourcecode.swift; path = RecipeListDatasSource.swift; sourceTree = "<group>"; };
		11DE531B29049C1300CD1CF1 /* Assets.xcassets */ = {isa = PBXFileReference; lastKnownFileType = folder.assetcatalog; path = Assets.xcassets; sourceTree = "<group>"; };
		11DE531E2904A05700CD1CF1 /* DetailRecipeView.swift */ = {isa = PBXFileReference; lastKnownFileType = sourcecode.swift; path = DetailRecipeView.swift; sourceTree = "<group>"; };
		11DE53202904A06F00CD1CF1 /* DetailRecipeViewController.swift */ = {isa = PBXFileReference; lastKnownFileType = sourcecode.swift; path = DetailRecipeViewController.swift; sourceTree = "<group>"; };
		11DE53242904A37B00CD1CF1 /* RecipeListDelegate.swift */ = {isa = PBXFileReference; lastKnownFileType = sourcecode.swift; path = RecipeListDelegate.swift; sourceTree = "<group>"; };
/* End PBXFileReference section */

/* Begin PBXFrameworksBuildPhase section */
		11DE52D6290487FB00CD1CF1 /* Frameworks */ = {
			isa = PBXFrameworksBuildPhase;
			buildActionMask = 2147483647;
			files = (
				116C5EB429060F7C009595F6 /* Alamofire in Frameworks */,
				1190D29E2907896B00C0CCD9 /* Lottie in Frameworks */,
			);
			runOnlyForDeploymentPostprocessing = 0;
		};
		11DE52EC290487FC00CD1CF1 /* Frameworks */ = {
			isa = PBXFrameworksBuildPhase;
			buildActionMask = 2147483647;
			files = (
			);
			runOnlyForDeploymentPostprocessing = 0;
		};
		11DE52F6290487FC00CD1CF1 /* Frameworks */ = {
			isa = PBXFrameworksBuildPhase;
			buildActionMask = 2147483647;
			files = (
			);
			runOnlyForDeploymentPostprocessing = 0;
		};
/* End PBXFrameworksBuildPhase section */

/* Begin PBXGroup section */
		116C5E8E2904B582009595F6 /* FavoritesRecipe */ = {
			isa = PBXGroup;
			children = (
				116C5E932904B5C0009595F6 /* ViewController */,
				116C5E942904B5D4009595F6 /* View */,
				116C5EAC29060C34009595F6 /* ViewModel */,
			);
			path = FavoritesRecipe;
			sourceTree = "<group>";
		};
		116C5E932904B5C0009595F6 /* ViewController */ = {
			isa = PBXGroup;
			children = (
				116C5E912904B5BB009595F6 /* FavoriteRecipeViewController.swift */,
				116C5EAB29060C22009595F6 /* Delegate */,
				116C5EAA29060C12009595F6 /* DatasSource */,
			);
			path = ViewController;
			sourceTree = "<group>";
		};
		116C5E942904B5D4009595F6 /* View */ = {
			isa = PBXGroup;
			children = (
				116C5E8F2904B5A5009595F6 /* FavoriteRecipeView.swift */,
				116C5EAD29060C70009595F6 /* CollectionViewCell */,
			);
			path = View;
			sourceTree = "<group>";
		};
		116C5EA02905D962009595F6 /* Extension */ = {
			isa = PBXGroup;
			children = (
				116C5EA12905D965009595F6 /* NavigationController */,
			);
			path = Extension;
			sourceTree = "<group>";
		};
		116C5EA12905D965009595F6 /* NavigationController */ = {
			isa = PBXGroup;
			children = (
				116C5EA22905D97D009595F6 /* UINavigationControllerExt.swift */,
			);
			path = NavigationController;
			sourceTree = "<group>";
		};
		116C5EA429060A0E009595F6 /* TableViewCell */ = {
			isa = PBXGroup;
			children = (
				11DE531729048D1400CD1CF1 /* RecipeListTableViewCell.swift */,
			);
			path = TableViewCell;
			sourceTree = "<group>";
		};
		116C5EA529060AA5009595F6 /* ViewModel */ = {
			isa = PBXGroup;
			children = (
				116C5E8C2904AB4B009595F6 /* RecipeListViewModel.swift */,
			);
			path = ViewModel;
			sourceTree = "<group>";
		};
		116C5EA629060ACE009595F6 /* DataSource */ = {
			isa = PBXGroup;
			children = (
				11DE53192904912500CD1CF1 /* RecipeListDatasSource.swift */,
			);
			path = DataSource;
			sourceTree = "<group>";
		};
		116C5EA729060AD4009595F6 /* Delegate */ = {
			isa = PBXGroup;
			children = (
				11DE53242904A37B00CD1CF1 /* RecipeListDelegate.swift */,
			);
			path = Delegate;
			sourceTree = "<group>";
		};
		116C5EAA29060C12009595F6 /* DatasSource */ = {
			isa = PBXGroup;
			children = (
				116C5E9C2905C991009595F6 /* FavoriteRecipeDataSource.swift */,
			);
			path = DatasSource;
			sourceTree = "<group>";
		};
		116C5EAB29060C22009595F6 /* Delegate */ = {
			isa = PBXGroup;
			children = (
				116C5E9E2905CFFD009595F6 /* FavoriteRecipeDelegate.swift */,
			);
			path = Delegate;
			sourceTree = "<group>";
		};
		116C5EAC29060C34009595F6 /* ViewModel */ = {
			isa = PBXGroup;
			children = (
				116C5E952904C7C0009595F6 /* FavoriteRecipeViewModel.swift */,
			);
			path = ViewModel;
			sourceTree = "<group>";
		};
		116C5EAD29060C70009595F6 /* CollectionViewCell */ = {
			isa = PBXGroup;
			children = (
				116C5E9A2905C7EF009595F6 /* FavoriteRecipeCollection.swift */,
			);
			path = CollectionViewCell;
			sourceTree = "<group>";
		};
		116C5EAE29060F34009595F6 /* API */ = {
			isa = PBXGroup;
			children = (
				116C5EB029060F5A009595F6 /* RecipeService.swift */,
			);
			path = API;
			sourceTree = "<group>";
		};
		116C5EB529061576009595F6 /* Model */ = {
			isa = PBXGroup;
			children = (
				116C5EB6290615A4009595F6 /* RecipeList.swift */,
				116C5EBC29061C95009595F6 /* RecipeDetail.swift */,
			);
			path = Model;
			sourceTree = "<group>";
		};
		116C5EB82906172C009595F6 /* Utils */ = {
			isa = PBXGroup;
			children = (
				116C5EB929061739009595F6 /* Erros.swift */,
				116C5EBE29064818009595F6 /* URLImage.swift */,
			);
			path = Utils;
			sourceTree = "<group>";
		};
		116C5EC029064A16009595F6 /* ViewModel */ = {
			isa = PBXGroup;
			children = (
				116C5EC129064A29009595F6 /* DetailRecipeViewModel.swift */,
			);
			path = ViewModel;
			sourceTree = "<group>";
		};
		1190D29F2907898900C0CCD9 /* Splash */ = {
			isa = PBXGroup;
			children = (
				1190D2A429078C8400C0CCD9 /* foodCarousel.json */,
				1190D2A0290789A000C0CCD9 /* SplashViewController.swift */,
			);
			path = Splash;
			sourceTree = "<group>";
		};
		1190D2A82907AEDC00C0CCD9 /* RecipeList */ = {
			isa = PBXGroup;
			children = (
				1190D2B52907B31900C0CCD9 /* ViewModel */,
				1190D2AE2907AFDC00C0CCD9 /* Model */,
				1190D2AB2907AFAB00C0CCD9 /* API */,
			);
			path = RecipeList;
			sourceTree = "<group>";
		};
		1190D2A92907AEEF00C0CCD9 /* DetailRecipe */ = {
			isa = PBXGroup;
			children = (
				1190D2B82907B8A300C0CCD9 /* DetailRecipeViewModelTest.swift */,
			);
			path = DetailRecipe;
			sourceTree = "<group>";
		};
		1190D2AA2907AF0200C0CCD9 /* FavoriteRecipe */ = {
			isa = PBXGroup;
			children = (
				1190D2BA2907B96D00C0CCD9 /* FavoriteRecipeViewModelTest.swift */,
			);
			path = FavoriteRecipe;
			sourceTree = "<group>";
		};
		1190D2AB2907AFAB00C0CCD9 /* API */ = {
			isa = PBXGroup;
			children = (
				1190D2AC2907AFBA00C0CCD9 /* RecipeServiceMock.swift */,
			);
			path = API;
			sourceTree = "<group>";
		};
		1190D2AE2907AFDC00C0CCD9 /* Model */ = {
			isa = PBXGroup;
			children = (
				1190D2B12907B1D900C0CCD9 /* RecipeDetail.swift */,
			);
			path = Model;
			sourceTree = "<group>";
		};
		1190D2B52907B31900C0CCD9 /* ViewModel */ = {
			isa = PBXGroup;
			children = (
				1190D2B32907B30900C0CCD9 /* RecipeListViewModelTest.swift */,
			);
			path = ViewModel;
			sourceTree = "<group>";
		};
		1190D2BC29083A0F00C0CCD9 /* Extension */ = {
			isa = PBXGroup;
			children = (
				1190D2A629078EFB00C0CCD9 /* RecipeListSearchBar.swift */,
			);
			path = Extension;
			sourceTree = "<group>";
		};
		11DE52D0290487FB00CD1CF1 = {
			isa = PBXGroup;
			children = (
				11DE52DB290487FB00CD1CF1 /* RecipeApp */,
				11DE52F2290487FC00CD1CF1 /* RecipeAppTests */,
				11DE52FC290487FC00CD1CF1 /* RecipeAppUITests */,
				11DE52DA290487FB00CD1CF1 /* Products */,
			);
			sourceTree = "<group>";
		};
		11DE52DA290487FB00CD1CF1 /* Products */ = {
			isa = PBXGroup;
			children = (
				11DE52D9290487FB00CD1CF1 /* RecipeApp.app */,
				11DE52EF290487FC00CD1CF1 /* RecipeAppTests.xctest */,
				11DE52F9290487FC00CD1CF1 /* RecipeAppUITests.xctest */,
			);
			name = Products;
			sourceTree = "<group>";
		};
		11DE52DB290487FB00CD1CF1 /* RecipeApp */ = {
			isa = PBXGroup;
			children = (
				1190D29F2907898900C0CCD9 /* Splash */,
				116C5EB82906172C009595F6 /* Utils */,
				116C5EA02905D962009595F6 /* Extension */,
				116C5E8E2904B582009595F6 /* FavoritesRecipe */,
				11DE531D2904A03D00CD1CF1 /* DetailRecipe */,
				11DE531229048B2F00CD1CF1 /* RecipeList */,
				11DE52DC290487FB00CD1CF1 /* AppDelegate.swift */,
				11DE52DE290487FB00CD1CF1 /* SceneDelegate.swift */,
				11DE52E2290487FB00CD1CF1 /* Main.storyboard */,
				11DE531B29049C1300CD1CF1 /* Assets.xcassets */,
				11DE52E7290487FC00CD1CF1 /* LaunchScreen.storyboard */,
				11DE52EA290487FC00CD1CF1 /* Info.plist */,
			);
			path = RecipeApp;
			sourceTree = "<group>";
		};
		11DE52F2290487FC00CD1CF1 /* RecipeAppTests */ = {
			isa = PBXGroup;
			children = (
				1190D2AA2907AF0200C0CCD9 /* FavoriteRecipe */,
				1190D2A92907AEEF00C0CCD9 /* DetailRecipe */,
				1190D2A82907AEDC00C0CCD9 /* RecipeList */,
				11DE52F3290487FC00CD1CF1 /* RecipeAppTests.swift */,
			);
			path = RecipeAppTests;
			sourceTree = "<group>";
		};
		11DE52FC290487FC00CD1CF1 /* RecipeAppUITests */ = {
			isa = PBXGroup;
			children = (
				11DE52FD290487FC00CD1CF1 /* RecipeAppUITests.swift */,
				11DE52FF290487FC00CD1CF1 /* RecipeAppUITestsLaunchTests.swift */,
			);
			path = RecipeAppUITests;
			sourceTree = "<group>";
		};
		11DE531129048B2800CD1CF1 /* View */ = {
			isa = PBXGroup;
			children = (
				11DE531429048B9500CD1CF1 /* RecipeListView.swift */,
				116C5EA429060A0E009595F6 /* TableViewCell */,
			);
			path = View;
			sourceTree = "<group>";
		};
		11DE531229048B2F00CD1CF1 /* RecipeList */ = {
			isa = PBXGroup;
			children = (
				116C5EAE29060F34009595F6 /* API */,
				116C5EB529061576009595F6 /* Model */,
				11DE531329048B7500CD1CF1 /* ViewController */,
				11DE531129048B2800CD1CF1 /* View */,
				116C5EA529060AA5009595F6 /* ViewModel */,
			);
			path = RecipeList;
			sourceTree = "<group>";
		};
		11DE531329048B7500CD1CF1 /* ViewController */ = {
			isa = PBXGroup;
			children = (
				11DE52E0290487FB00CD1CF1 /* RecipeListViewController.swift */,
				1190D2BC29083A0F00C0CCD9 /* Extension */,
				116C5EA729060AD4009595F6 /* Delegate */,
				116C5EA629060ACE009595F6 /* DataSource */,
			);
			path = ViewController;
			sourceTree = "<group>";
		};
		11DE531D2904A03D00CD1CF1 /* DetailRecipe */ = {
			isa = PBXGroup;
			children = (
				116C5EC029064A16009595F6 /* ViewModel */,
				11DE53222904A07700CD1CF1 /* ViewController */,
				11DE53232904A08900CD1CF1 /* View */,
			);
			path = DetailRecipe;
			sourceTree = "<group>";
		};
		11DE53222904A07700CD1CF1 /* ViewController */ = {
			isa = PBXGroup;
			children = (
				11DE53202904A06F00CD1CF1 /* DetailRecipeViewController.swift */,
			);
			path = ViewController;
			sourceTree = "<group>";
		};
		11DE53232904A08900CD1CF1 /* View */ = {
			isa = PBXGroup;
			children = (
				11DE531E2904A05700CD1CF1 /* DetailRecipeView.swift */,
			);
			path = View;
			sourceTree = "<group>";
		};
/* End PBXGroup section */

/* Begin PBXNativeTarget section */
		11DE52D8290487FB00CD1CF1 /* RecipeApp */ = {
			isa = PBXNativeTarget;
			buildConfigurationList = 11DE5303290487FC00CD1CF1 /* Build configuration list for PBXNativeTarget "RecipeApp" */;
			buildPhases = (
				11DE52D5290487FB00CD1CF1 /* Sources */,
				11DE52D6290487FB00CD1CF1 /* Frameworks */,
				11DE52D7290487FB00CD1CF1 /* Resources */,
			);
			buildRules = (
			);
			dependencies = (
			);
			name = RecipeApp;
			packageProductDependencies = (
				116C5EB329060F7C009595F6 /* Alamofire */,
				1190D29D2907896B00C0CCD9 /* Lottie */,
			);
			productName = RecipeApp;
			productReference = 11DE52D9290487FB00CD1CF1 /* RecipeApp.app */;
			productType = "com.apple.product-type.application";
		};
		11DE52EE290487FC00CD1CF1 /* RecipeAppTests */ = {
			isa = PBXNativeTarget;
			buildConfigurationList = 11DE5306290487FC00CD1CF1 /* Build configuration list for PBXNativeTarget "RecipeAppTests" */;
			buildPhases = (
				11DE52EB290487FC00CD1CF1 /* Sources */,
				11DE52EC290487FC00CD1CF1 /* Frameworks */,
				11DE52ED290487FC00CD1CF1 /* Resources */,
			);
			buildRules = (
			);
			dependencies = (
				11DE52F1290487FC00CD1CF1 /* PBXTargetDependency */,
			);
			name = RecipeAppTests;
			productName = RecipeAppTests;
			productReference = 11DE52EF290487FC00CD1CF1 /* RecipeAppTests.xctest */;
			productType = "com.apple.product-type.bundle.unit-test";
		};
		11DE52F8290487FC00CD1CF1 /* RecipeAppUITests */ = {
			isa = PBXNativeTarget;
			buildConfigurationList = 11DE5309290487FC00CD1CF1 /* Build configuration list for PBXNativeTarget "RecipeAppUITests" */;
			buildPhases = (
				11DE52F5290487FC00CD1CF1 /* Sources */,
				11DE52F6290487FC00CD1CF1 /* Frameworks */,
				11DE52F7290487FC00CD1CF1 /* Resources */,
			);
			buildRules = (
			);
			dependencies = (
				11DE52FB290487FC00CD1CF1 /* PBXTargetDependency */,
			);
			name = RecipeAppUITests;
			productName = RecipeAppUITests;
			productReference = 11DE52F9290487FC00CD1CF1 /* RecipeAppUITests.xctest */;
			productType = "com.apple.product-type.bundle.ui-testing";
		};
/* End PBXNativeTarget section */

/* Begin PBXProject section */
		11DE52D1290487FB00CD1CF1 /* Project object */ = {
			isa = PBXProject;
			attributes = {
				BuildIndependentTargetsInParallel = 1;
				LastSwiftUpdateCheck = 1340;
				LastUpgradeCheck = 1340;
				TargetAttributes = {
					11DE52D8290487FB00CD1CF1 = {
						CreatedOnToolsVersion = 13.4.1;
					};
					11DE52EE290487FC00CD1CF1 = {
						CreatedOnToolsVersion = 13.4.1;
						TestTargetID = 11DE52D8290487FB00CD1CF1;
					};
					11DE52F8290487FC00CD1CF1 = {
						CreatedOnToolsVersion = 13.4.1;
						TestTargetID = 11DE52D8290487FB00CD1CF1;
					};
				};
			};
			buildConfigurationList = 11DE52D4290487FB00CD1CF1 /* Build configuration list for PBXProject "RecipeApp" */;
			compatibilityVersion = "Xcode 13.0";
			developmentRegion = en;
			hasScannedForEncodings = 0;
			knownRegions = (
				en,
				Base,
			);
			mainGroup = 11DE52D0290487FB00CD1CF1;
			packageReferences = (
				116C5EB229060F7C009595F6 /* XCRemoteSwiftPackageReference "Alamofire" */,
				1190D29C2907896B00C0CCD9 /* XCRemoteSwiftPackageReference "lottie-ios" */,
			);
			productRefGroup = 11DE52DA290487FB00CD1CF1 /* Products */;
			projectDirPath = "";
			projectRoot = "";
			targets = (
				11DE52D8290487FB00CD1CF1 /* RecipeApp */,
				11DE52EE290487FC00CD1CF1 /* RecipeAppTests */,
				11DE52F8290487FC00CD1CF1 /* RecipeAppUITests */,
			);
		};
/* End PBXProject section */

/* Begin PBXResourcesBuildPhase section */
		11DE52D7290487FB00CD1CF1 /* Resources */ = {
			isa = PBXResourcesBuildPhase;
			buildActionMask = 2147483647;
			files = (
				11DE52E9290487FC00CD1CF1 /* LaunchScreen.storyboard in Resources */,
				11DE531C29049C1300CD1CF1 /* Assets.xcassets in Resources */,
				1190D2A529078C8400C0CCD9 /* foodCarousel.json in Resources */,
				11DE52E4290487FB00CD1CF1 /* Main.storyboard in Resources */,
			);
			runOnlyForDeploymentPostprocessing = 0;
		};
		11DE52ED290487FC00CD1CF1 /* Resources */ = {
			isa = PBXResourcesBuildPhase;
			buildActionMask = 2147483647;
			files = (
			);
			runOnlyForDeploymentPostprocessing = 0;
		};
		11DE52F7290487FC00CD1CF1 /* Resources */ = {
			isa = PBXResourcesBuildPhase;
			buildActionMask = 2147483647;
			files = (
			);
			runOnlyForDeploymentPostprocessing = 0;
		};
/* End PBXResourcesBuildPhase section */

/* Begin PBXSourcesBuildPhase section */
		11DE52D5290487FB00CD1CF1 /* Sources */ = {
			isa = PBXSourcesBuildPhase;
			buildActionMask = 2147483647;
			files = (
				116C5E9F2905CFFD009595F6 /* FavoriteRecipeDelegate.swift in Sources */,
				116C5E922904B5BB009595F6 /* FavoriteRecipeViewController.swift in Sources */,
				116C5EBF29064818009595F6 /* URLImage.swift in Sources */,
				116C5E902904B5A5009595F6 /* FavoriteRecipeView.swift in Sources */,
				116C5EA32905D97E009595F6 /* UINavigationControllerExt.swift in Sources */,
				116C5EC229064A29009595F6 /* DetailRecipeViewModel.swift in Sources */,
				11DE53212904A06F00CD1CF1 /* DetailRecipeViewController.swift in Sources */,
				11DE531A2904912500CD1CF1 /* RecipeListDatasSource.swift in Sources */,
				116C5EBD29061C95009595F6 /* RecipeDetail.swift in Sources */,
				1190D2A1290789A000C0CCD9 /* SplashViewController.swift in Sources */,
				11DE52E1290487FB00CD1CF1 /* RecipeListViewController.swift in Sources */,
				116C5EB7290615A5009595F6 /* RecipeList.swift in Sources */,
				11DE531F2904A05700CD1CF1 /* DetailRecipeView.swift in Sources */,
				11DE531829048D1400CD1CF1 /* RecipeListTableViewCell.swift in Sources */,
				116C5EBA29061739009595F6 /* Erros.swift in Sources */,
				116C5EB129060F5A009595F6 /* RecipeService.swift in Sources */,
				11DE53252904A37B00CD1CF1 /* RecipeListDelegate.swift in Sources */,
				116C5E962904C7C0009595F6 /* FavoriteRecipeViewModel.swift in Sources */,
				11DE52DD290487FB00CD1CF1 /* AppDelegate.swift in Sources */,
				116C5E9B2905C7EF009595F6 /* FavoriteRecipeCollection.swift in Sources */,
				116C5E9D2905C991009595F6 /* FavoriteRecipeDataSource.swift in Sources */,
				11DE531529048B9500CD1CF1 /* RecipeListView.swift in Sources */,
				1190D2A729078EFB00C0CCD9 /* RecipeListSearchBar.swift in Sources */,
				116C5E8D2904AB4B009595F6 /* RecipeListViewModel.swift in Sources */,
				11DE52DF290487FB00CD1CF1 /* SceneDelegate.swift in Sources */,
			);
			runOnlyForDeploymentPostprocessing = 0;
		};
		11DE52EB290487FC00CD1CF1 /* Sources */ = {
			isa = PBXSourcesBuildPhase;
			buildActionMask = 2147483647;
			files = (
				1190D2B92907B8A300C0CCD9 /* DetailRecipeViewModelTest.swift in Sources */,
				1190D2B22907B1D900C0CCD9 /* RecipeDetail.swift in Sources */,
				1190D2BB2907B96D00C0CCD9 /* FavoriteRecipeViewModelTest.swift in Sources */,
				1190D2AD2907AFBA00C0CCD9 /* RecipeServiceMock.swift in Sources */,
				1190D2B42907B30900C0CCD9 /* RecipeListViewModelTest.swift in Sources */,
				11DE52F4290487FC00CD1CF1 /* RecipeAppTests.swift in Sources */,
			);
			runOnlyForDeploymentPostprocessing = 0;
		};
		11DE52F5290487FC00CD1CF1 /* Sources */ = {
			isa = PBXSourcesBuildPhase;
			buildActionMask = 2147483647;
			files = (
				11DE5300290487FC00CD1CF1 /* RecipeAppUITestsLaunchTests.swift in Sources */,
				11DE52FE290487FC00CD1CF1 /* RecipeAppUITests.swift in Sources */,
			);
			runOnlyForDeploymentPostprocessing = 0;
		};
/* End PBXSourcesBuildPhase section */

/* Begin PBXTargetDependency section */
		11DE52F1290487FC00CD1CF1 /* PBXTargetDependency */ = {
			isa = PBXTargetDependency;
			target = 11DE52D8290487FB00CD1CF1 /* RecipeApp */;
			targetProxy = 11DE52F0290487FC00CD1CF1 /* PBXContainerItemProxy */;
		};
		11DE52FB290487FC00CD1CF1 /* PBXTargetDependency */ = {
			isa = PBXTargetDependency;
			target = 11DE52D8290487FB00CD1CF1 /* RecipeApp */;
			targetProxy = 11DE52FA290487FC00CD1CF1 /* PBXContainerItemProxy */;
		};
/* End PBXTargetDependency section */

/* Begin PBXVariantGroup section */
		11DE52E2290487FB00CD1CF1 /* Main.storyboard */ = {
			isa = PBXVariantGroup;
			children = (
				11DE52E3290487FB00CD1CF1 /* Base */,
			);
			name = Main.storyboard;
			sourceTree = "<group>";
		};
		11DE52E7290487FC00CD1CF1 /* LaunchScreen.storyboard */ = {
			isa = PBXVariantGroup;
			children = (
				11DE52E8290487FC00CD1CF1 /* Base */,
			);
			name = LaunchScreen.storyboard;
			sourceTree = "<group>";
		};
/* End PBXVariantGroup section */

/* Begin XCBuildConfiguration section */
		11DE5301290487FC00CD1CF1 /* Debug */ = {
			isa = XCBuildConfiguration;
			buildSettings = {
				ALWAYS_SEARCH_USER_PATHS = NO;
				CLANG_ANALYZER_NONNULL = YES;
				CLANG_ANALYZER_NUMBER_OBJECT_CONVERSION = YES_AGGRESSIVE;
				CLANG_CXX_LANGUAGE_STANDARD = "gnu++17";
				CLANG_ENABLE_MODULES = YES;
				CLANG_ENABLE_OBJC_ARC = YES;
				CLANG_ENABLE_OBJC_WEAK = YES;
				CLANG_WARN_BLOCK_CAPTURE_AUTORELEASING = YES;
				CLANG_WARN_BOOL_CONVERSION = YES;
				CLANG_WARN_COMMA = YES;
				CLANG_WARN_CONSTANT_CONVERSION = YES;
				CLANG_WARN_DEPRECATED_OBJC_IMPLEMENTATIONS = YES;
				CLANG_WARN_DIRECT_OBJC_ISA_USAGE = YES_ERROR;
				CLANG_WARN_DOCUMENTATION_COMMENTS = YES;
				CLANG_WARN_EMPTY_BODY = YES;
				CLANG_WARN_ENUM_CONVERSION = YES;
				CLANG_WARN_INFINITE_RECURSION = YES;
				CLANG_WARN_INT_CONVERSION = YES;
				CLANG_WARN_NON_LITERAL_NULL_CONVERSION = YES;
				CLANG_WARN_OBJC_IMPLICIT_RETAIN_SELF = YES;
				CLANG_WARN_OBJC_LITERAL_CONVERSION = YES;
				CLANG_WARN_OBJC_ROOT_CLASS = YES_ERROR;
				CLANG_WARN_QUOTED_INCLUDE_IN_FRAMEWORK_HEADER = YES;
				CLANG_WARN_RANGE_LOOP_ANALYSIS = YES;
				CLANG_WARN_STRICT_PROTOTYPES = YES;
				CLANG_WARN_SUSPICIOUS_MOVE = YES;
				CLANG_WARN_UNGUARDED_AVAILABILITY = YES_AGGRESSIVE;
				CLANG_WARN_UNREACHABLE_CODE = YES;
				CLANG_WARN__DUPLICATE_METHOD_MATCH = YES;
				COPY_PHASE_STRIP = NO;
				DEBUG_INFORMATION_FORMAT = dwarf;
				ENABLE_STRICT_OBJC_MSGSEND = YES;
				ENABLE_TESTABILITY = YES;
				GCC_C_LANGUAGE_STANDARD = gnu11;
				GCC_DYNAMIC_NO_PIC = NO;
				GCC_NO_COMMON_BLOCKS = YES;
				GCC_OPTIMIZATION_LEVEL = 0;
				GCC_PREPROCESSOR_DEFINITIONS = (
					"DEBUG=1",
					"$(inherited)",
				);
				GCC_WARN_64_TO_32_BIT_CONVERSION = YES;
				GCC_WARN_ABOUT_RETURN_TYPE = YES_ERROR;
				GCC_WARN_UNDECLARED_SELECTOR = YES;
				GCC_WARN_UNINITIALIZED_AUTOS = YES_AGGRESSIVE;
				GCC_WARN_UNUSED_FUNCTION = YES;
				GCC_WARN_UNUSED_VARIABLE = YES;
				IPHONEOS_DEPLOYMENT_TARGET = 15.5;
				MTL_ENABLE_DEBUG_INFO = INCLUDE_SOURCE;
				MTL_FAST_MATH = YES;
				ONLY_ACTIVE_ARCH = YES;
				SDKROOT = iphoneos;
				SWIFT_ACTIVE_COMPILATION_CONDITIONS = DEBUG;
				SWIFT_OPTIMIZATION_LEVEL = "-Onone";
			};
			name = Debug;
		};
		11DE5302290487FC00CD1CF1 /* Release */ = {
			isa = XCBuildConfiguration;
			buildSettings = {
				ALWAYS_SEARCH_USER_PATHS = NO;
				CLANG_ANALYZER_NONNULL = YES;
				CLANG_ANALYZER_NUMBER_OBJECT_CONVERSION = YES_AGGRESSIVE;
				CLANG_CXX_LANGUAGE_STANDARD = "gnu++17";
				CLANG_ENABLE_MODULES = YES;
				CLANG_ENABLE_OBJC_ARC = YES;
				CLANG_ENABLE_OBJC_WEAK = YES;
				CLANG_WARN_BLOCK_CAPTURE_AUTORELEASING = YES;
				CLANG_WARN_BOOL_CONVERSION = YES;
				CLANG_WARN_COMMA = YES;
				CLANG_WARN_CONSTANT_CONVERSION = YES;
				CLANG_WARN_DEPRECATED_OBJC_IMPLEMENTATIONS = YES;
				CLANG_WARN_DIRECT_OBJC_ISA_USAGE = YES_ERROR;
				CLANG_WARN_DOCUMENTATION_COMMENTS = YES;
				CLANG_WARN_EMPTY_BODY = YES;
				CLANG_WARN_ENUM_CONVERSION = YES;
				CLANG_WARN_INFINITE_RECURSION = YES;
				CLANG_WARN_INT_CONVERSION = YES;
				CLANG_WARN_NON_LITERAL_NULL_CONVERSION = YES;
				CLANG_WARN_OBJC_IMPLICIT_RETAIN_SELF = YES;
				CLANG_WARN_OBJC_LITERAL_CONVERSION = YES;
				CLANG_WARN_OBJC_ROOT_CLASS = YES_ERROR;
				CLANG_WARN_QUOTED_INCLUDE_IN_FRAMEWORK_HEADER = YES;
				CLANG_WARN_RANGE_LOOP_ANALYSIS = YES;
				CLANG_WARN_STRICT_PROTOTYPES = YES;
				CLANG_WARN_SUSPICIOUS_MOVE = YES;
				CLANG_WARN_UNGUARDED_AVAILABILITY = YES_AGGRESSIVE;
				CLANG_WARN_UNREACHABLE_CODE = YES;
				CLANG_WARN__DUPLICATE_METHOD_MATCH = YES;
				COPY_PHASE_STRIP = NO;
				DEBUG_INFORMATION_FORMAT = "dwarf-with-dsym";
				ENABLE_NS_ASSERTIONS = NO;
				ENABLE_STRICT_OBJC_MSGSEND = YES;
				GCC_C_LANGUAGE_STANDARD = gnu11;
				GCC_NO_COMMON_BLOCKS = YES;
				GCC_WARN_64_TO_32_BIT_CONVERSION = YES;
				GCC_WARN_ABOUT_RETURN_TYPE = YES_ERROR;
				GCC_WARN_UNDECLARED_SELECTOR = YES;
				GCC_WARN_UNINITIALIZED_AUTOS = YES_AGGRESSIVE;
				GCC_WARN_UNUSED_FUNCTION = YES;
				GCC_WARN_UNUSED_VARIABLE = YES;
				IPHONEOS_DEPLOYMENT_TARGET = 15.5;
				MTL_ENABLE_DEBUG_INFO = NO;
				MTL_FAST_MATH = YES;
				SDKROOT = iphoneos;
				SWIFT_COMPILATION_MODE = wholemodule;
				SWIFT_OPTIMIZATION_LEVEL = "-O";
				VALIDATE_PRODUCT = YES;
			};
			name = Release;
		};
		11DE5304290487FC00CD1CF1 /* Debug */ = {
			isa = XCBuildConfiguration;
			buildSettings = {
				ASSETCATALOG_COMPILER_APPICON_NAME = AppIcon;
				ASSETCATALOG_COMPILER_GLOBAL_ACCENT_COLOR_NAME = AccentColor;
				CODE_SIGN_STYLE = Automatic;
				CURRENT_PROJECT_VERSION = 1;
				DEVELOPMENT_TEAM = Z3L22W4383;
				GENERATE_INFOPLIST_FILE = YES;
				INFOPLIST_FILE = RecipeApp/Info.plist;
				INFOPLIST_KEY_UIApplicationSupportsIndirectInputEvents = YES;
				INFOPLIST_KEY_UILaunchStoryboardName = LaunchScreen;
				INFOPLIST_KEY_UIMainStoryboardFile = Main;
				INFOPLIST_KEY_UISupportedInterfaceOrientations_iPad = "UIInterfaceOrientationPortrait UIInterfaceOrientationPortraitUpsideDown UIInterfaceOrientationLandscapeLeft UIInterfaceOrientationLandscapeRight";
				INFOPLIST_KEY_UISupportedInterfaceOrientations_iPhone = "UIInterfaceOrientationPortrait UIInterfaceOrientationLandscapeLeft UIInterfaceOrientationLandscapeRight";
				LD_RUNPATH_SEARCH_PATHS = (
					"$(inherited)",
					"@executable_path/Frameworks",
				);
				MARKETING_VERSION = 1.0;
				PRODUCT_BUNDLE_IDENTIFIER = Milena.RecipeApp;
				PRODUCT_NAME = "$(TARGET_NAME)";
				SWIFT_EMIT_LOC_STRINGS = YES;
				SWIFT_VERSION = 5.0;
				TARGETED_DEVICE_FAMILY = "1,2";
			};
			name = Debug;
		};
		11DE5305290487FC00CD1CF1 /* Release */ = {
			isa = XCBuildConfiguration;
			buildSettings = {
				ASSETCATALOG_COMPILER_APPICON_NAME = AppIcon;
				ASSETCATALOG_COMPILER_GLOBAL_ACCENT_COLOR_NAME = AccentColor;
				CODE_SIGN_STYLE = Automatic;
				CURRENT_PROJECT_VERSION = 1;
				DEVELOPMENT_TEAM = Z3L22W4383;
				GENERATE_INFOPLIST_FILE = YES;
				INFOPLIST_FILE = RecipeApp/Info.plist;
				INFOPLIST_KEY_UIApplicationSupportsIndirectInputEvents = YES;
				INFOPLIST_KEY_UILaunchStoryboardName = LaunchScreen;
				INFOPLIST_KEY_UIMainStoryboardFile = Main;
				INFOPLIST_KEY_UISupportedInterfaceOrientations_iPad = "UIInterfaceOrientationPortrait UIInterfaceOrientationPortraitUpsideDown UIInterfaceOrientationLandscapeLeft UIInterfaceOrientationLandscapeRight";
				INFOPLIST_KEY_UISupportedInterfaceOrientations_iPhone = "UIInterfaceOrientationPortrait UIInterfaceOrientationLandscapeLeft UIInterfaceOrientationLandscapeRight";
				LD_RUNPATH_SEARCH_PATHS = (
					"$(inherited)",
					"@executable_path/Frameworks",
				);
				MARKETING_VERSION = 1.0;
				PRODUCT_BUNDLE_IDENTIFIER = Milena.RecipeApp;
				PRODUCT_NAME = "$(TARGET_NAME)";
				SWIFT_EMIT_LOC_STRINGS = YES;
				SWIFT_VERSION = 5.0;
				TARGETED_DEVICE_FAMILY = "1,2";
			};
			name = Release;
		};
		11DE5307290487FC00CD1CF1 /* Debug */ = {
			isa = XCBuildConfiguration;
			buildSettings = {
				ALWAYS_EMBED_SWIFT_STANDARD_LIBRARIES = YES;
				BUNDLE_LOADER = "$(TEST_HOST)";
				CODE_SIGN_STYLE = Automatic;
				CURRENT_PROJECT_VERSION = 1;
				DEVELOPMENT_TEAM = Z3L22W4383;
				GENERATE_INFOPLIST_FILE = YES;
				IPHONEOS_DEPLOYMENT_TARGET = 15.5;
				MARKETING_VERSION = 1.0;
				PRODUCT_BUNDLE_IDENTIFIER = Milena.RecipeAppTests;
				PRODUCT_NAME = "$(TARGET_NAME)";
				SWIFT_EMIT_LOC_STRINGS = NO;
				SWIFT_VERSION = 5.0;
				TARGETED_DEVICE_FAMILY = "1,2";
				TEST_HOST = "$(BUILT_PRODUCTS_DIR)/RecipeApp.app/RecipeApp";
			};
			name = Debug;
		};
		11DE5308290487FC00CD1CF1 /* Release */ = {
			isa = XCBuildConfiguration;
			buildSettings = {
				ALWAYS_EMBED_SWIFT_STANDARD_LIBRARIES = YES;
				BUNDLE_LOADER = "$(TEST_HOST)";
				CODE_SIGN_STYLE = Automatic;
				CURRENT_PROJECT_VERSION = 1;
				DEVELOPMENT_TEAM = Z3L22W4383;
				GENERATE_INFOPLIST_FILE = YES;
				IPHONEOS_DEPLOYMENT_TARGET = 15.5;
				MARKETING_VERSION = 1.0;
				PRODUCT_BUNDLE_IDENTIFIER = Milena.RecipeAppTests;
				PRODUCT_NAME = "$(TARGET_NAME)";
				SWIFT_EMIT_LOC_STRINGS = NO;
				SWIFT_VERSION = 5.0;
				TARGETED_DEVICE_FAMILY = "1,2";
				TEST_HOST = "$(BUILT_PRODUCTS_DIR)/RecipeApp.app/RecipeApp";
			};
			name = Release;
		};
		11DE530A290487FC00CD1CF1 /* Debug */ = {
			isa = XCBuildConfiguration;
			buildSettings = {
				ALWAYS_EMBED_SWIFT_STANDARD_LIBRARIES = YES;
				CODE_SIGN_STYLE = Automatic;
				CURRENT_PROJECT_VERSION = 1;
				DEVELOPMENT_TEAM = Z3L22W4383;
				GENERATE_INFOPLIST_FILE = YES;
				MARKETING_VERSION = 1.0;
				PRODUCT_BUNDLE_IDENTIFIER = Milena.RecipeAppUITests;
				PRODUCT_NAME = "$(TARGET_NAME)";
				SWIFT_EMIT_LOC_STRINGS = NO;
				SWIFT_VERSION = 5.0;
				TARGETED_DEVICE_FAMILY = "1,2";
				TEST_TARGET_NAME = RecipeApp;
			};
			name = Debug;
		};
		11DE530B290487FC00CD1CF1 /* Release */ = {
			isa = XCBuildConfiguration;
			buildSettings = {
				ALWAYS_EMBED_SWIFT_STANDARD_LIBRARIES = YES;
				CODE_SIGN_STYLE = Automatic;
				CURRENT_PROJECT_VERSION = 1;
				DEVELOPMENT_TEAM = Z3L22W4383;
				GENERATE_INFOPLIST_FILE = YES;
				MARKETING_VERSION = 1.0;
				PRODUCT_BUNDLE_IDENTIFIER = Milena.RecipeAppUITests;
				PRODUCT_NAME = "$(TARGET_NAME)";
				SWIFT_EMIT_LOC_STRINGS = NO;
				SWIFT_VERSION = 5.0;
				TARGETED_DEVICE_FAMILY = "1,2";
				TEST_TARGET_NAME = RecipeApp;
			};
			name = Release;
		};
/* End XCBuildConfiguration section */

/* Begin XCConfigurationList section */
		11DE52D4290487FB00CD1CF1 /* Build configuration list for PBXProject "RecipeApp" */ = {
			isa = XCConfigurationList;
			buildConfigurations = (
				11DE5301290487FC00CD1CF1 /* Debug */,
				11DE5302290487FC00CD1CF1 /* Release */,
			);
			defaultConfigurationIsVisible = 0;
			defaultConfigurationName = Release;
		};
		11DE5303290487FC00CD1CF1 /* Build configuration list for PBXNativeTarget "RecipeApp" */ = {
			isa = XCConfigurationList;
			buildConfigurations = (
				11DE5304290487FC00CD1CF1 /* Debug */,
				11DE5305290487FC00CD1CF1 /* Release */,
			);
			defaultConfigurationIsVisible = 0;
			defaultConfigurationName = Release;
		};
		11DE5306290487FC00CD1CF1 /* Build configuration list for PBXNativeTarget "RecipeAppTests" */ = {
			isa = XCConfigurationList;
			buildConfigurations = (
				11DE5307290487FC00CD1CF1 /* Debug */,
				11DE5308290487FC00CD1CF1 /* Release */,
			);
			defaultConfigurationIsVisible = 0;
			defaultConfigurationName = Release;
		};
		11DE5309290487FC00CD1CF1 /* Build configuration list for PBXNativeTarget "RecipeAppUITests" */ = {
			isa = XCConfigurationList;
			buildConfigurations = (
				11DE530A290487FC00CD1CF1 /* Debug */,
				11DE530B290487FC00CD1CF1 /* Release */,
			);
			defaultConfigurationIsVisible = 0;
			defaultConfigurationName = Release;
		};
/* End XCConfigurationList section */

/* Begin XCRemoteSwiftPackageReference section */
		116C5EB229060F7C009595F6 /* XCRemoteSwiftPackageReference "Alamofire" */ = {
			isa = XCRemoteSwiftPackageReference;
			repositoryURL = "https://github.com/Alamofire/Alamofire.git";
			requirement = {
				branch = master;
				kind = branch;
			};
		};
		1190D29C2907896B00C0CCD9 /* XCRemoteSwiftPackageReference "lottie-ios" */ = {
			isa = XCRemoteSwiftPackageReference;
			repositoryURL = "https://github.com/airbnb/lottie-ios.git";
			requirement = {
				branch = master;
				kind = branch;
			};
		};
/* End XCRemoteSwiftPackageReference section */

/* Begin XCSwiftPackageProductDependency section */
		116C5EB329060F7C009595F6 /* Alamofire */ = {
			isa = XCSwiftPackageProductDependency;
			package = 116C5EB229060F7C009595F6 /* XCRemoteSwiftPackageReference "Alamofire" */;
			productName = Alamofire;
		};
		1190D29D2907896B00C0CCD9 /* Lottie */ = {
			isa = XCSwiftPackageProductDependency;
			package = 1190D29C2907896B00C0CCD9 /* XCRemoteSwiftPackageReference "lottie-ios" */;
			productName = Lottie;
		};
/* End XCSwiftPackageProductDependency section */
	};
	rootObject = 11DE52D1290487FB00CD1CF1 /* Project object */;
}
